// !$*UTF8*$!
{
	archiveVersion = 1;
	classes = {
	};
	objectVersion = 56;
	objects = {

/* Begin PBXBuildFile section */
		05B763DD29B5FA0000097170 /* CatBreedsAppApp.swift in Sources */ = {isa = PBXBuildFile; fileRef = 05B763DC29B5FA0000097170 /* CatBreedsAppApp.swift */; };
		05B763E129B5FA0100097170 /* Assets.xcassets in Resources */ = {isa = PBXBuildFile; fileRef = 05B763E029B5FA0100097170 /* Assets.xcassets */; };
		05B763E529B5FA0100097170 /* Preview Assets.xcassets in Resources */ = {isa = PBXBuildFile; fileRef = 05B763E429B5FA0100097170 /* Preview Assets.xcassets */; };
		05B7640829B5FAB700097170 /* Breed.swift in Sources */ = {isa = PBXBuildFile; fileRef = 05B7640729B5FAB700097170 /* Breed.swift */; };
		05B7640B29B5FBBA00097170 /* CatSetvice.swift in Sources */ = {isa = PBXBuildFile; fileRef = 05B7640A29B5FBBA00097170 /* CatSetvice.swift */; };
		05B7640D29B5FC0400097170 /* ApiKey.swift in Sources */ = {isa = PBXBuildFile; fileRef = 05B7640C29B5FC0400097170 /* ApiKey.swift */; };
		05B7641029B6002A00097170 /* BreedsViewModel.swift in Sources */ = {isa = PBXBuildFile; fileRef = 05B7640F29B6002A00097170 /* BreedsViewModel.swift */; };
		05B7641229B6013500097170 /* BreedViewModelTests.swift in Sources */ = {isa = PBXBuildFile; fileRef = 05B7641129B6013500097170 /* BreedViewModelTests.swift */; };
		05B7641429B6020200097170 /* APIError.swift in Sources */ = {isa = PBXBuildFile; fileRef = 05B7641329B6020200097170 /* APIError.swift */; };
		05B7641C29B609F400097170 /* RowVIew.swift in Sources */ = {isa = PBXBuildFile; fileRef = 05B7641B29B609F400097170 /* RowVIew.swift */; };
		05B7641E29B60AA200097170 /* BreedListView.swift in Sources */ = {isa = PBXBuildFile; fileRef = 05B7641D29B60AA200097170 /* BreedListView.swift */; };
		05B7642029B60B0000097170 /* ErrorView.swift in Sources */ = {isa = PBXBuildFile; fileRef = 05B7641F29B60B0000097170 /* ErrorView.swift */; };
		05B7642229B6110E00097170 /* BreedTests.swift in Sources */ = {isa = PBXBuildFile; fileRef = 05B7642129B6110E00097170 /* BreedTests.swift */; };
		05B7642429B6116200097170 /* APIErrorTests.swift in Sources */ = {isa = PBXBuildFile; fileRef = 05B7642329B6116200097170 /* APIErrorTests.swift */; };
/* End PBXBuildFile section */

/* Begin PBXContainerItemProxy section */
		05B763EB29B5FA0100097170 /* PBXContainerItemProxy */ = {
			isa = PBXContainerItemProxy;
			containerPortal = 05B763D129B5FA0000097170 /* Project object */;
			proxyType = 1;
			remoteGlobalIDString = 05B763D829B5FA0000097170;
			remoteInfo = CatBreedsApp;
		};
/* End PBXContainerItemProxy section */

/* Begin PBXFileReference section */
		05B763D929B5FA0000097170 /* CatBreedsApp.app */ = {isa = PBXFileReference; explicitFileType = wrapper.application; includeInIndex = 0; path = CatBreedsApp.app; sourceTree = BUILT_PRODUCTS_DIR; };
		05B763DC29B5FA0000097170 /* CatBreedsAppApp.swift */ = {isa = PBXFileReference; lastKnownFileType = sourcecode.swift; path = CatBreedsAppApp.swift; sourceTree = "<group>"; };
		05B763E029B5FA0100097170 /* Assets.xcassets */ = {isa = PBXFileReference; lastKnownFileType = folder.assetcatalog; path = Assets.xcassets; sourceTree = "<group>"; };
		05B763E229B5FA0100097170 /* CatBreedsApp.entitlements */ = {isa = PBXFileReference; lastKnownFileType = text.plist.entitlements; path = CatBreedsApp.entitlements; sourceTree = "<group>"; };
		05B763E429B5FA0100097170 /* Preview Assets.xcassets */ = {isa = PBXFileReference; lastKnownFileType = folder.assetcatalog; path = "Preview Assets.xcassets"; sourceTree = "<group>"; };
		05B763EA29B5FA0100097170 /* CatBreedsAppTests.xctest */ = {isa = PBXFileReference; explicitFileType = wrapper.cfbundle; includeInIndex = 0; path = CatBreedsAppTests.xctest; sourceTree = BUILT_PRODUCTS_DIR; };
		05B7640729B5FAB700097170 /* Breed.swift */ = {isa = PBXFileReference; lastKnownFileType = sourcecode.swift; path = Breed.swift; sourceTree = "<group>"; };
		05B7640A29B5FBBA00097170 /* CatSetvice.swift */ = {isa = PBXFileReference; lastKnownFileType = sourcecode.swift; path = CatSetvice.swift; sourceTree = "<group>"; };
		05B7640C29B5FC0400097170 /* ApiKey.swift */ = {isa = PBXFileReference; lastKnownFileType = sourcecode.swift; path = ApiKey.swift; sourceTree = "<group>"; };
		05B7640F29B6002A00097170 /* BreedsViewModel.swift */ = {isa = PBXFileReference; lastKnownFileType = sourcecode.swift; path = BreedsViewModel.swift; sourceTree = "<group>"; };
		05B7641129B6013500097170 /* BreedViewModelTests.swift */ = {isa = PBXFileReference; lastKnownFileType = sourcecode.swift; path = BreedViewModelTests.swift; sourceTree = "<group>"; };
		05B7641329B6020200097170 /* APIError.swift */ = {isa = PBXFileReference; lastKnownFileType = sourcecode.swift; path = APIError.swift; sourceTree = "<group>"; };
		05B7641B29B609F400097170 /* RowVIew.swift */ = {isa = PBXFileReference; lastKnownFileType = sourcecode.swift; path = RowVIew.swift; sourceTree = "<group>"; };
		05B7641D29B60AA200097170 /* BreedListView.swift */ = {isa = PBXFileReference; lastKnownFileType = sourcecode.swift; path = BreedListView.swift; sourceTree = "<group>"; };
		05B7641F29B60B0000097170 /* ErrorView.swift */ = {isa = PBXFileReference; lastKnownFileType = sourcecode.swift; path = ErrorView.swift; sourceTree = "<group>"; };
		05B7642129B6110E00097170 /* BreedTests.swift */ = {isa = PBXFileReference; lastKnownFileType = sourcecode.swift; path = BreedTests.swift; sourceTree = "<group>"; };
		05B7642329B6116200097170 /* APIErrorTests.swift */ = {isa = PBXFileReference; lastKnownFileType = sourcecode.swift; path = APIErrorTests.swift; sourceTree = "<group>"; };
		05B7642529B6157200097170 /* Info.plist */ = {isa = PBXFileReference; lastKnownFileType = text.plist; path = Info.plist; sourceTree = "<group>"; };
/* End PBXFileReference section */

/* Begin PBXFrameworksBuildPhase section */
		05B763D629B5FA0000097170 /* Frameworks */ = {
			isa = PBXFrameworksBuildPhase;
			buildActionMask = 2147483647;
			files = (
			);
			runOnlyForDeploymentPostprocessing = 0;
		};
		05B763E729B5FA0100097170 /* Frameworks */ = {
			isa = PBXFrameworksBuildPhase;
			buildActionMask = 2147483647;
			files = (
			);
			runOnlyForDeploymentPostprocessing = 0;
		};
/* End PBXFrameworksBuildPhase section */

/* Begin PBXGroup section */
		05B763D029B5FA0000097170 = {
			isa = PBXGroup;
			children = (
				05B763DB29B5FA0000097170 /* CatBreedsApp */,
				05B763ED29B5FA0100097170 /* CatBreedsAppTests */,
				05B763DA29B5FA0000097170 /* Products */,
			);
			sourceTree = "<group>";
		};
		05B763DA29B5FA0000097170 /* Products */ = {
			isa = PBXGroup;
			children = (
				05B763D929B5FA0000097170 /* CatBreedsApp.app */,
				05B763EA29B5FA0100097170 /* CatBreedsAppTests.xctest */,
			);
			name = Products;
			sourceTree = "<group>";
		};
		05B763DB29B5FA0000097170 /* CatBreedsApp */ = {
			isa = PBXGroup;
			children = (
				05B7642529B6157200097170 /* Info.plist */,
				05B763DC29B5FA0000097170 /* CatBreedsAppApp.swift */,
				05B7641A29B609CB00097170 /* View */,
				05B7640E29B6000B00097170 /* ViewModel */,
				05B7640929B5FB9000097170 /* Model */,
				05B763E029B5FA0100097170 /* Assets.xcassets */,
				05B763E229B5FA0100097170 /* CatBreedsApp.entitlements */,
				05B763E329B5FA0100097170 /* Preview Content */,
			);
			path = CatBreedsApp;
			sourceTree = "<group>";
		};
		05B763E329B5FA0100097170 /* Preview Content */ = {
			isa = PBXGroup;
			children = (
				05B763E429B5FA0100097170 /* Preview Assets.xcassets */,
			);
			path = "Preview Content";
			sourceTree = "<group>";
		};
		05B763ED29B5FA0100097170 /* CatBreedsAppTests */ = {
			isa = PBXGroup;
			children = (
				05B7641129B6013500097170 /* BreedViewModelTests.swift */,
				05B7642129B6110E00097170 /* BreedTests.swift */,
				05B7642329B6116200097170 /* APIErrorTests.swift */,
			);
			path = CatBreedsAppTests;
			sourceTree = "<group>";
		};
		05B7640929B5FB9000097170 /* Model */ = {
			isa = PBXGroup;
			children = (
				05B7640729B5FAB700097170 /* Breed.swift */,
				05B7640A29B5FBBA00097170 /* CatSetvice.swift */,
				05B7640C29B5FC0400097170 /* ApiKey.swift */,
				05B7641329B6020200097170 /* APIError.swift */,
			);
			path = Model;
			sourceTree = "<group>";
		};
		05B7640E29B6000B00097170 /* ViewModel */ = {
			isa = PBXGroup;
			children = (
				05B7640F29B6002A00097170 /* BreedsViewModel.swift */,
			);
			path = ViewModel;
			sourceTree = "<group>";
		};
		05B7641A29B609CB00097170 /* View */ = {
			isa = PBXGroup;
			children = (
				05B7641B29B609F400097170 /* RowVIew.swift */,
				05B7641D29B60AA200097170 /* BreedListView.swift */,
				05B7641F29B60B0000097170 /* ErrorView.swift */,
			);
			path = View;
			sourceTree = "<group>";
		};
/* End PBXGroup section */

/* Begin PBXNativeTarget section */
		05B763D829B5FA0000097170 /* CatBreedsApp */ = {
			isa = PBXNativeTarget;
			buildConfigurationList = 05B763FE29B5FA0100097170 /* Build configuration list for PBXNativeTarget "CatBreedsApp" */;
			buildPhases = (
				05B763D529B5FA0000097170 /* Sources */,
				05B763D629B5FA0000097170 /* Frameworks */,
				05B763D729B5FA0000097170 /* Resources */,
			);
			buildRules = (
			);
			dependencies = (
			);
			name = CatBreedsApp;
			productName = CatBreedsApp;
			productReference = 05B763D929B5FA0000097170 /* CatBreedsApp.app */;
			productType = "com.apple.product-type.application";
		};
		05B763E929B5FA0100097170 /* CatBreedsAppTests */ = {
			isa = PBXNativeTarget;
			buildConfigurationList = 05B7640129B5FA0100097170 /* Build configuration list for PBXNativeTarget "CatBreedsAppTests" */;
			buildPhases = (
				05B763E629B5FA0100097170 /* Sources */,
				05B763E729B5FA0100097170 /* Frameworks */,
				05B763E829B5FA0100097170 /* Resources */,
			);
			buildRules = (
			);
			dependencies = (
				05B763EC29B5FA0100097170 /* PBXTargetDependency */,
			);
			name = CatBreedsAppTests;
			productName = CatBreedsAppTests;
			productReference = 05B763EA29B5FA0100097170 /* CatBreedsAppTests.xctest */;
			productType = "com.apple.product-type.bundle.unit-test";
		};
/* End PBXNativeTarget section */

/* Begin PBXProject section */
		05B763D129B5FA0000097170 /* Project object */ = {
			isa = PBXProject;
			attributes = {
				BuildIndependentTargetsInParallel = 1;
				LastSwiftUpdateCheck = 1420;
				LastUpgradeCheck = 1420;
				TargetAttributes = {
					05B763D829B5FA0000097170 = {
						CreatedOnToolsVersion = 14.2;
					};
					05B763E929B5FA0100097170 = {
						CreatedOnToolsVersion = 14.2;
						TestTargetID = 05B763D829B5FA0000097170;
					};
				};
			};
			buildConfigurationList = 05B763D429B5FA0000097170 /* Build configuration list for PBXProject "CatBreedsApp" */;
			compatibilityVersion = "Xcode 14.0";
			developmentRegion = en;
			hasScannedForEncodings = 0;
			knownRegions = (
				en,
				Base,
			);
			mainGroup = 05B763D029B5FA0000097170;
			productRefGroup = 05B763DA29B5FA0000097170 /* Products */;
			projectDirPath = "";
			projectRoot = "";
			targets = (
				05B763D829B5FA0000097170 /* CatBreedsApp */,
				05B763E929B5FA0100097170 /* CatBreedsAppTests */,
			);
		};
/* End PBXProject section */

/* Begin PBXResourcesBuildPhase section */
		05B763D729B5FA0000097170 /* Resources */ = {
			isa = PBXResourcesBuildPhase;
			buildActionMask = 2147483647;
			files = (
				05B763E529B5FA0100097170 /* Preview Assets.xcassets in Resources */,
				05B763E129B5FA0100097170 /* Assets.xcassets in Resources */,
			);
			runOnlyForDeploymentPostprocessing = 0;
		};
		05B763E829B5FA0100097170 /* Resources */ = {
			isa = PBXResourcesBuildPhase;
			buildActionMask = 2147483647;
			files = (
			);
			runOnlyForDeploymentPostprocessing = 0;
		};
/* End PBXResourcesBuildPhase section */

/* Begin PBXSourcesBuildPhase section */
		05B763D529B5FA0000097170 /* Sources */ = {
			isa = PBXSourcesBuildPhase;
			buildActionMask = 2147483647;
			files = (
				05B7640D29B5FC0400097170 /* ApiKey.swift in Sources */,
				05B7640829B5FAB700097170 /* Breed.swift in Sources */,
				05B7641C29B609F400097170 /* RowVIew.swift in Sources */,
				05B7640B29B5FBBA00097170 /* CatSetvice.swift in Sources */,
				05B7642029B60B0000097170 /* ErrorView.swift in Sources */,
				05B7641E29B60AA200097170 /* BreedListView.swift in Sources */,
				05B763DD29B5FA0000097170 /* CatBreedsAppApp.swift in Sources */,
				05B7641029B6002A00097170 /* BreedsViewModel.swift in Sources */,
				05B7641429B6020200097170 /* APIError.swift in Sources */,
			);
			runOnlyForDeploymentPostprocessing = 0;
		};
		05B763E629B5FA0100097170 /* Sources */ = {
			isa = PBXSourcesBuildPhase;
			buildActionMask = 2147483647;
			files = (
				05B7642429B6116200097170 /* APIErrorTests.swift in Sources */,
				05B7642229B6110E00097170 /* BreedTests.swift in Sources */,
				05B7641229B6013500097170 /* BreedViewModelTests.swift in Sources */,
			);
			runOnlyForDeploymentPostprocessing = 0;
		};
/* End PBXSourcesBuildPhase section */

/* Begin PBXTargetDependency section */
		05B763EC29B5FA0100097170 /* PBXTargetDependency */ = {
			isa = PBXTargetDependency;
			target = 05B763D829B5FA0000097170 /* CatBreedsApp */;
			targetProxy = 05B763EB29B5FA0100097170 /* PBXContainerItemProxy */;
		};
/* End PBXTargetDependency section */

/* Begin XCBuildConfiguration section */
		05B763FC29B5FA0100097170 /* Debug */ = {
			isa = XCBuildConfiguration;
			buildSettings = {
				ALWAYS_SEARCH_USER_PATHS = NO;
				CLANG_ANALYZER_NONNULL = YES;
				CLANG_ANALYZER_NUMBER_OBJECT_CONVERSION = YES_AGGRESSIVE;
				CLANG_CXX_LANGUAGE_STANDARD = "gnu++20";
				CLANG_ENABLE_MODULES = YES;
				CLANG_ENABLE_OBJC_ARC = YES;
				CLANG_ENABLE_OBJC_WEAK = YES;
				CLANG_WARN_BLOCK_CAPTURE_AUTORELEASING = YES;
				CLANG_WARN_BOOL_CONVERSION = YES;
				CLANG_WARN_COMMA = YES;
				CLANG_WARN_CONSTANT_CONVERSION = YES;
				CLANG_WARN_DEPRECATED_OBJC_IMPLEMENTATIONS = YES;
				CLANG_WARN_DIRECT_OBJC_ISA_USAGE = YES_ERROR;
				CLANG_WARN_DOCUMENTATION_COMMENTS = YES;
				CLANG_WARN_EMPTY_BODY = YES;
				CLANG_WARN_ENUM_CONVERSION = YES;
				CLANG_WARN_INFINITE_RECURSION = YES;
				CLANG_WARN_INT_CONVERSION = YES;
				CLANG_WARN_NON_LITERAL_NULL_CONVERSION = YES;
				CLANG_WARN_OBJC_IMPLICIT_RETAIN_SELF = YES;
				CLANG_WARN_OBJC_LITERAL_CONVERSION = YES;
				CLANG_WARN_OBJC_ROOT_CLASS = YES_ERROR;
				CLANG_WARN_QUOTED_INCLUDE_IN_FRAMEWORK_HEADER = YES;
				CLANG_WARN_RANGE_LOOP_ANALYSIS = YES;
				CLANG_WARN_STRICT_PROTOTYPES = YES;
				CLANG_WARN_SUSPICIOUS_MOVE = YES;
				CLANG_WARN_UNGUARDED_AVAILABILITY = YES_AGGRESSIVE;
				CLANG_WARN_UNREACHABLE_CODE = YES;
				CLANG_WARN__DUPLICATE_METHOD_MATCH = YES;
				COPY_PHASE_STRIP = NO;
				DEBUG_INFORMATION_FORMAT = dwarf;
				ENABLE_STRICT_OBJC_MSGSEND = YES;
				ENABLE_TESTABILITY = YES;
				GCC_C_LANGUAGE_STANDARD = gnu11;
				GCC_DYNAMIC_NO_PIC = NO;
				GCC_NO_COMMON_BLOCKS = YES;
				GCC_OPTIMIZATION_LEVEL = 0;
				GCC_PREPROCESSOR_DEFINITIONS = (
					"DEBUG=1",
					"$(inherited)",
				);
				GCC_WARN_64_TO_32_BIT_CONVERSION = YES;
				GCC_WARN_ABOUT_RETURN_TYPE = YES_ERROR;
				GCC_WARN_UNDECLARED_SELECTOR = YES;
				GCC_WARN_UNINITIALIZED_AUTOS = YES_AGGRESSIVE;
				GCC_WARN_UNUSED_FUNCTION = YES;
				GCC_WARN_UNUSED_VARIABLE = YES;
				MTL_ENABLE_DEBUG_INFO = INCLUDE_SOURCE;
				MTL_FAST_MATH = YES;
				ONLY_ACTIVE_ARCH = YES;
				SWIFT_ACTIVE_COMPILATION_CONDITIONS = DEBUG;
				SWIFT_OPTIMIZATION_LEVEL = "-Onone";
			};
			name = Debug;
		};
		05B763FD29B5FA0100097170 /* Release */ = {
			isa = XCBuildConfiguration;
			buildSettings = {
				ALWAYS_SEARCH_USER_PATHS = NO;
				CLANG_ANALYZER_NONNULL = YES;
				CLANG_ANALYZER_NUMBER_OBJECT_CONVERSION = YES_AGGRESSIVE;
				CLANG_CXX_LANGUAGE_STANDARD = "gnu++20";
				CLANG_ENABLE_MODULES = YES;
				CLANG_ENABLE_OBJC_ARC = YES;
				CLANG_ENABLE_OBJC_WEAK = YES;
				CLANG_WARN_BLOCK_CAPTURE_AUTORELEASING = YES;
				CLANG_WARN_BOOL_CONVERSION = YES;
				CLANG_WARN_COMMA = YES;
				CLANG_WARN_CONSTANT_CONVERSION = YES;
				CLANG_WARN_DEPRECATED_OBJC_IMPLEMENTATIONS = YES;
				CLANG_WARN_DIRECT_OBJC_ISA_USAGE = YES_ERROR;
				CLANG_WARN_DOCUMENTATION_COMMENTS = YES;
				CLANG_WARN_EMPTY_BODY = YES;
				CLANG_WARN_ENUM_CONVERSION = YES;
				CLANG_WARN_INFINITE_RECURSION = YES;
				CLANG_WARN_INT_CONVERSION = YES;
				CLANG_WARN_NON_LITERAL_NULL_CONVERSION = YES;
				CLANG_WARN_OBJC_IMPLICIT_RETAIN_SELF = YES;
				CLANG_WARN_OBJC_LITERAL_CONVERSION = YES;
				CLANG_WARN_OBJC_ROOT_CLASS = YES_ERROR;
				CLANG_WARN_QUOTED_INCLUDE_IN_FRAMEWORK_HEADER = YES;
				CLANG_WARN_RANGE_LOOP_ANALYSIS = YES;
				CLANG_WARN_STRICT_PROTOTYPES = YES;
				CLANG_WARN_SUSPICIOUS_MOVE = YES;
				CLANG_WARN_UNGUARDED_AVAILABILITY = YES_AGGRESSIVE;
				CLANG_WARN_UNREACHABLE_CODE = YES;
				CLANG_WARN__DUPLICATE_METHOD_MATCH = YES;
				COPY_PHASE_STRIP = NO;
				DEBUG_INFORMATION_FORMAT = "dwarf-with-dsym";
				ENABLE_NS_ASSERTIONS = NO;
				ENABLE_STRICT_OBJC_MSGSEND = YES;
				GCC_C_LANGUAGE_STANDARD = gnu11;
				GCC_NO_COMMON_BLOCKS = YES;
				GCC_WARN_64_TO_32_BIT_CONVERSION = YES;
				GCC_WARN_ABOUT_RETURN_TYPE = YES_ERROR;
				GCC_WARN_UNDECLARED_SELECTOR = YES;
				GCC_WARN_UNINITIALIZED_AUTOS = YES_AGGRESSIVE;
				GCC_WARN_UNUSED_FUNCTION = YES;
				GCC_WARN_UNUSED_VARIABLE = YES;
				MTL_ENABLE_DEBUG_INFO = NO;
				MTL_FAST_MATH = YES;
				SWIFT_COMPILATION_MODE = wholemodule;
				SWIFT_OPTIMIZATION_LEVEL = "-O";
			};
			name = Release;
		};
		05B763FF29B5FA0100097170 /* Debug */ = {
			isa = XCBuildConfiguration;
			buildSettings = {
				ASSETCATALOG_COMPILER_APPICON_NAME = AppIcon;
				ASSETCATALOG_COMPILER_GLOBAL_ACCENT_COLOR_NAME = AccentColor;
				CODE_SIGN_ENTITLEMENTS = CatBreedsApp/CatBreedsApp.entitlements;
				CODE_SIGN_STYLE = Automatic;
				CURRENT_PROJECT_VERSION = 1;
				DEVELOPMENT_ASSET_PATHS = "\"CatBreedsApp/Preview Content\"";
				ENABLE_PREVIEWS = YES;
				GENERATE_INFOPLIST_FILE = YES;
				INFOPLIST_FILE = CatBreedsApp/Info.plist;
				"INFOPLIST_KEY_UIApplicationSceneManifest_Generation[sdk=iphoneos*]" = YES;
				"INFOPLIST_KEY_UIApplicationSceneManifest_Generation[sdk=iphonesimulator*]" = YES;
				"INFOPLIST_KEY_UIApplicationSupportsIndirectInputEvents[sdk=iphoneos*]" = YES;
				"INFOPLIST_KEY_UIApplicationSupportsIndirectInputEvents[sdk=iphonesimulator*]" = YES;
				"INFOPLIST_KEY_UILaunchScreen_Generation[sdk=iphoneos*]" = YES;
				"INFOPLIST_KEY_UILaunchScreen_Generation[sdk=iphonesimulator*]" = YES;
				"INFOPLIST_KEY_UIStatusBarStyle[sdk=iphoneos*]" = UIStatusBarStyleDefault;
				"INFOPLIST_KEY_UIStatusBarStyle[sdk=iphonesimulator*]" = UIStatusBarStyleDefault;
				INFOPLIST_KEY_UISupportedInterfaceOrientations_iPad = "UIInterfaceOrientationPortrait UIInterfaceOrientationPortraitUpsideDown UIInterfaceOrientationLandscapeLeft UIInterfaceOrientationLandscapeRight";
				INFOPLIST_KEY_UISupportedInterfaceOrientations_iPhone = "UIInterfaceOrientationPortrait UIInterfaceOrientationLandscapeLeft UIInterfaceOrientationLandscapeRight";
				IPHONEOS_DEPLOYMENT_TARGET = 16.2;
				LD_RUNPATH_SEARCH_PATHS = "@executable_path/Frameworks";
				"LD_RUNPATH_SEARCH_PATHS[sdk=macosx*]" = "@executable_path/../Frameworks";
				MACOSX_DEPLOYMENT_TARGET = 12.5;
				MARKETING_VERSION = 1.0;
				PRODUCT_BUNDLE_IDENTIFIER = saranya.CatBreedsApp;
				PRODUCT_NAME = "$(TARGET_NAME)";
				SDKROOT = auto;
				SUPPORTED_PLATFORMS = "iphoneos iphonesimulator macosx";
				SWIFT_EMIT_LOC_STRINGS = YES;
				SWIFT_VERSION = 5.0;
				TARGETED_DEVICE_FAMILY = "1,2";
			};
			name = Debug;
		};
		05B7640029B5FA0100097170 /* Release */ = {
			isa = XCBuildConfiguration;
			buildSettings = {
				ASSETCATALOG_COMPILER_APPICON_NAME = AppIcon;
				ASSETCATALOG_COMPILER_GLOBAL_ACCENT_COLOR_NAME = AccentColor;
				CODE_SIGN_ENTITLEMENTS = CatBreedsApp/CatBreedsApp.entitlements;
				CODE_SIGN_STYLE = Automatic;
				CURRENT_PROJECT_VERSION = 1;
				DEVELOPMENT_ASSET_PATHS = "\"CatBreedsApp/Preview Content\"";
				ENABLE_PREVIEWS = YES;
				GENERATE_INFOPLIST_FILE = YES;
				INFOPLIST_FILE = CatBreedsApp/Info.plist;
				"INFOPLIST_KEY_UIApplicationSceneManifest_Generation[sdk=iphoneos*]" = YES;
				"INFOPLIST_KEY_UIApplicationSceneManifest_Generation[sdk=iphonesimulator*]" = YES;
				"INFOPLIST_KEY_UIApplicationSupportsIndirectInputEvents[sdk=iphoneos*]" = YES;
				"INFOPLIST_KEY_UIApplicationSupportsIndirectInputEvents[sdk=iphonesimulator*]" = YES;
				"INFOPLIST_KEY_UILaunchScreen_Generation[sdk=iphoneos*]" = YES;
				"INFOPLIST_KEY_UILaunchScreen_Generation[sdk=iphonesimulator*]" = YES;
				"INFOPLIST_KEY_UIStatusBarStyle[sdk=iphoneos*]" = UIStatusBarStyleDefault;
				"INFOPLIST_KEY_UIStatusBarStyle[sdk=iphonesimulator*]" = UIStatusBarStyleDefault;
				INFOPLIST_KEY_UISupportedInterfaceOrientations_iPad = "UIInterfaceOrientationPortrait UIInterfaceOrientationPortraitUpsideDown UIInterfaceOrientationLandscapeLeft UIInterfaceOrientationLandscapeRight";
				INFOPLIST_KEY_UISupportedInterfaceOrientations_iPhone = "UIInterfaceOrientationPortrait UIInterfaceOrientationLandscapeLeft UIInterfaceOrientationLandscapeRight";
				IPHONEOS_DEPLOYMENT_TARGET = 16.2;
				LD_RUNPATH_SEARCH_PATHS = "@executable_path/Frameworks";
				"LD_RUNPATH_SEARCH_PATHS[sdk=macosx*]" = "@executable_path/../Frameworks";
				MACOSX_DEPLOYMENT_TARGET = 12.5;
				MARKETING_VERSION = 1.0;
				PRODUCT_BUNDLE_IDENTIFIER = saranya.CatBreedsApp;
				PRODUCT_NAME = "$(TARGET_NAME)";
				SDKROOT = auto;
				SUPPORTED_PLATFORMS = "iphoneos iphonesimulator macosx";
				SWIFT_EMIT_LOC_STRINGS = YES;
				SWIFT_VERSION = 5.0;
				TARGETED_DEVICE_FAMILY = "1,2";
			};
			name = Release;
		};
		05B7640229B5FA0100097170 /* Debug */ = {
			isa = XCBuildConfiguration;
			buildSettings = {
				ALWAYS_EMBED_SWIFT_STANDARD_LIBRARIES = YES;
				BUNDLE_LOADER = "$(TEST_HOST)";
				CODE_SIGN_STYLE = Automatic;
				CURRENT_PROJECT_VERSION = 1;
				GENERATE_INFOPLIST_FILE = YES;
				IPHONEOS_DEPLOYMENT_TARGET = 16.2;
				MACOSX_DEPLOYMENT_TARGET = 12.5;
				MARKETING_VERSION = 1.0;
				PRODUCT_BUNDLE_IDENTIFIER = saranya.CatBreedsAppTests;
				PRODUCT_NAME = "$(TARGET_NAME)";
				SDKROOT = auto;
				SUPPORTED_PLATFORMS = "iphoneos iphonesimulator macosx";
				SWIFT_EMIT_LOC_STRINGS = NO;
				SWIFT_VERSION = 5.0;
				TARGETED_DEVICE_FAMILY = "1,2";
				TEST_HOST = "$(BUILT_PRODUCTS_DIR)/CatBreedsApp.app/$(BUNDLE_EXECUTABLE_FOLDER_PATH)/CatBreedsApp";
			};
			name = Debug;
		};
		05B7640329B5FA0100097170 /* Release */ = {
			isa = XCBuildConfiguration;
			buildSettings = {
				ALWAYS_EMBED_SWIFT_STANDARD_LIBRARIES = YES;
				BUNDLE_LOADER = "$(TEST_HOST)";
				CODE_SIGN_STYLE = Automatic;
				CURRENT_PROJECT_VERSION = 1;
				GENERATE_INFOPLIST_FILE = YES;
				IPHONEOS_DEPLOYMENT_TARGET = 16.2;
				MACOSX_DEPLOYMENT_TARGET = 12.5;
				MARKETING_VERSION = 1.0;
				PRODUCT_BUNDLE_IDENTIFIER = saranya.CatBreedsAppTests;
				PRODUCT_NAME = "$(TARGET_NAME)";
				SDKROOT = auto;
				SUPPORTED_PLATFORMS = "iphoneos iphonesimulator macosx";
				SWIFT_EMIT_LOC_STRINGS = NO;
				SWIFT_VERSION = 5.0;
				TARGETED_DEVICE_FAMILY = "1,2";
				TEST_HOST = "$(BUILT_PRODUCTS_DIR)/CatBreedsApp.app/$(BUNDLE_EXECUTABLE_FOLDER_PATH)/CatBreedsApp";
			};
			name = Release;
		};
/* End XCBuildConfiguration section */

/* Begin XCConfigurationList section */
		05B763D429B5FA0000097170 /* Build configuration list for PBXProject "CatBreedsApp" */ = {
			isa = XCConfigurationList;
			buildConfigurations = (
				05B763FC29B5FA0100097170 /* Debug */,
				05B763FD29B5FA0100097170 /* Release */,
			);
			defaultConfigurationIsVisible = 0;
			defaultConfigurationName = Release;
		};
		05B763FE29B5FA0100097170 /* Build configuration list for PBXNativeTarget "CatBreedsApp" */ = {
			isa = XCConfigurationList;
			buildConfigurations = (
				05B763FF29B5FA0100097170 /* Debug */,
				05B7640029B5FA0100097170 /* Release */,
			);
			defaultConfigurationIsVisible = 0;
			defaultConfigurationName = Release;
		};
		05B7640129B5FA0100097170 /* Build configuration list for PBXNativeTarget "CatBreedsAppTests" */ = {
			isa = XCConfigurationList;
			buildConfigurations = (
				05B7640229B5FA0100097170 /* Debug */,
				05B7640329B5FA0100097170 /* Release */,
			);
			defaultConfigurationIsVisible = 0;
			defaultConfigurationName = Release;
		};
/* End XCConfigurationList section */
	};
	rootObject = 05B763D129B5FA0000097170 /* Project object */;
}
